
Microsoft Visual Studio Solution File, Format Version 12.00
# Visual Studio Version 17
VisualStudioVersion = 17.0.31903.59
MinimumVisualStudioVersion = 10.0.40219.1
Project("{FAE04EC0-301F-11D3-BF4B-00C04F79EFBC}") = "Day1", "Day1\Day1.csproj", "{5E27B36C-1410-4D3C-98BA-FDF789D834CB}"
EndProject
Project("{2150E333-8FDC-42A3-9474-1A3956D46DE8}") = "Day1", "Day1", "{9D7FEA04-4B46-405F-8BDC-ED6358704415}"
EndProject
Project("{2150E333-8FDC-42A3-9474-1A3956D46DE8}") = "LogicExercise", "LogicExercise", "{FA0D474C-DD0C-4CD8-AA59-E1B202225CAF}"
EndProject
Project("{FAE04EC0-301F-11D3-BF4B-00C04F79EFBC}") = "Day1-LogicExercise", "Day1\LogicExercise\Day1-LogicExercise\Day1-LogicExercise.csproj", "{90FB86A4-741C-4908-A666-E60546D54E7A}"
EndProject
Project("{2150E333-8FDC-42A3-9474-1A3956D46DE8}") = "LogicExercise", "LogicExercise", "{1EB1B7B2-C51F-47C8-A625-1EF8DE94B3C3}"
EndProject
Project("{FAE04EC0-301F-11D3-BF4B-00C04F79EFBC}") = "LogicExercise", "LogicExercise\LogicExercise.csproj", "{F89644BD-2FDB-4756-A1A6-854EB4BE8F0E}"
EndProject
Global
	GlobalSection(SolutionConfigurationPlatforms) = preSolution
		Debug|Any CPU = Debug|Any CPU
		Release|Any CPU = Release|Any CPU
	EndGlobalSection
	GlobalSection(SolutionProperties) = preSolution
		HideSolutionNode = FALSE
	EndGlobalSection
	GlobalSection(ProjectConfigurationPlatforms) = postSolution
		{5E27B36C-1410-4D3C-98BA-FDF789D834CB}.Debug|Any CPU.ActiveCfg = Debug|Any CPU
		{5E27B36C-1410-4D3C-98BA-FDF789D834CB}.Debug|Any CPU.Build.0 = Debug|Any CPU
		{5E27B36C-1410-4D3C-98BA-FDF789D834CB}.Release|Any CPU.ActiveCfg = Release|Any CPU
		{5E27B36C-1410-4D3C-98BA-FDF789D834CB}.Release|Any CPU.Build.0 = Release|Any CPU
		{90FB86A4-741C-4908-A666-E60546D54E7A}.Debug|Any CPU.ActiveCfg = Debug|Any CPU
		{90FB86A4-741C-4908-A666-E60546D54E7A}.Debug|Any CPU.Build.0 = Debug|Any CPU
		{90FB86A4-741C-4908-A666-E60546D54E7A}.Release|Any CPU.ActiveCfg = Release|Any CPU
		{90FB86A4-741C-4908-A666-E60546D54E7A}.Release|Any CPU.Build.0 = Release|Any CPU
		{F89644BD-2FDB-4756-A1A6-854EB4BE8F0E}.Debug|Any CPU.ActiveCfg = Debug|Any CPU
		{F89644BD-2FDB-4756-A1A6-854EB4BE8F0E}.Debug|Any CPU.Build.0 = Debug|Any CPU
		{F89644BD-2FDB-4756-A1A6-854EB4BE8F0E}.Release|Any CPU.ActiveCfg = Release|Any CPU
		{F89644BD-2FDB-4756-A1A6-854EB4BE8F0E}.Release|Any CPU.Build.0 = Release|Any CPU
	EndGlobalSection
	GlobalSection(NestedProjects) = preSolution
		{5E27B36C-1410-4D3C-98BA-FDF789D834CB} = {9D7FEA04-4B46-405F-8BDC-ED6358704415}
		{FA0D474C-DD0C-4CD8-AA59-E1B202225CAF} = {9D7FEA04-4B46-405F-8BDC-ED6358704415}
		{90FB86A4-741C-4908-A666-E60546D54E7A} = {FA0D474C-DD0C-4CD8-AA59-E1B202225CAF}
		{F89644BD-2FDB-4756-A1A6-854EB4BE8F0E} = {1EB1B7B2-C51F-47C8-A625-1EF8DE94B3C3}
	EndGlobalSection
EndGlobal
