
Microsoft Visual Studio Solution File, Format Version 12.00
# Visual Studio Version 17
VisualStudioVersion = 17.14.36202.13 d17.14
MinimumVisualStudioVersion = 10.0.40219.1
Project("{FAE04EC0-301F-11D3-BF4B-00C04F79EFBC}") = "EmployeeAdmin", "EmployeeAdmin\EmployeeAdmin.csproj", "{6D5AC2C0-097C-4E35-9CF5-02539D6DF6EE}"
EndProject
Global
	GlobalSection(SolutionConfigurationPlatforms) = preSolution
		Debug|Any CPU = Debug|Any CPU
		Release|Any CPU = Release|Any CPU
	EndGlobalSection
	GlobalSection(ProjectConfigurationPlatforms) = postSolution
		{6D5AC2C0-097C-4E35-9CF5-02539D6DF6EE}.Debug|Any CPU.ActiveCfg = Debug|Any CPU
		{6D5AC2C0-097C-4E35-9CF5-02539D6DF6EE}.Debug|Any CPU.Build.0 = Debug|Any CPU
		{6D5AC2C0-097C-4E35-9CF5-02539D6DF6EE}.Release|Any CPU.ActiveCfg = Release|Any CPU
		{6D5AC2C0-097C-4E35-9CF5-02539D6DF6EE}.Release|Any CPU.Build.0 = Release|Any CPU
	EndGlobalSection
	GlobalSection(SolutionProperties) = preSolution
		HideSolutionNode = FALSE
	EndGlobalSection
	GlobalSection(ExtensibilityGlobals) = postSolution
		SolutionGuid = {3C67E175-783A-495D-A0FD-CA110E20893F}
	EndGlobalSection
EndGlobal
